{
  "lockfile_version": "1",
  "packages": {
    "curl@latest": {
      "last_modified": "2024-02-26T19:46:43Z",
      "resolved": "github:NixOS/nixpkgs/548a86b335d7ecd8b57ec617781f5e652ab0c38e#curl",
      "source": "devbox-search",
      "version": "8.6.0",
      "systems": {
        "aarch64-darwin": {
          "store_path": "/nix/store/dvfbys2y6qq2xq83byn1wslm49661cpf-curl-8.6.0-bin"
        },
        "aarch64-linux": {
          "store_path": "/nix/store/hflnkmgcsj3s0vp30h96wx3f9f9mdixg-curl-8.6.0-bin"
        },
        "x86_64-darwin": {
          "store_path": "/nix/store/ai6s6b35ddvv7kzasxmfq3mwr0aqgnk2-curl-8.6.0-bin"
        },
        "x86_64-linux": {
          "store_path": "/nix/store/fh7vxc5xgiwl6z7vwq5c3lj84mpcs4br-curl-8.6.0-bin"
        }
      }
    },
    "procps@latest": {
      "last_modified": "2024-02-24T23:06:34Z",
      "resolved": "github:NixOS/nixpkgs/9a9dae8f6319600fa9aebde37f340975cab4b8c0#procps",
      "source": "devbox-search",
      "version": "3.3.17",
      "systems": {
        "aarch64-linux": {
          "store_path": "/nix/store/h17g2hz0ganj5ivmx63ysbj5n3pbyvyh-procps-3.3.17"
        },
        "x86_64-linux": {
          "store_path": "/nix/store/ad55a6gxl237k7id50cck37zm8r00sns-procps-3.3.17"
        }
      }
    },
    "time@latest": {
      "last_modified": "2024-02-24T23:06:34Z",
      "resolved": "github:NixOS/nixpkgs/9a9dae8f6319600fa9aebde37f340975cab4b8c0#time",
      "source": "devbox-search",
      "version": "1.9",
      "systems": {
        "aarch64-darwin": {
          "store_path": "/nix/store/95a1dfvpbr3qwwgxhbf3vwg4h6skkdkc-time-1.9"
        },
        "aarch64-linux": {
          "store_path": "/nix/store/nv4i4iq7rl9b1zngys05ibq5n52q0m67-time-1.9"
        },
        "x86_64-darwin": {
          "store_path": "/nix/store/pj0m1wpg89s1kh38pipjxd8wcpbyixbs-time-1.9"
        },
        "x86_64-linux": {
          "store_path": "/nix/store/s2412c0yy3j9jqrr8b94ywwbzg3b6961-time-1.9"
        }
      }
    },
    "wrk@latest": {
      "last_modified": "2024-02-26T19:46:43Z",
      "resolved": "github:NixOS/nixpkgs/548a86b335d7ecd8b57ec617781f5e652ab0c38e#wrk",
      "source": "devbox-search",
      "version": "4.2.0",
      "systems": {
        "aarch64-darwin": {
          "store_path": "/nix/store/rqv5bvabj56qpgsjnag6jyqkw84ayj5m-wrk-4.2.0"
        },
        "aarch64-linux": {
          "store_path": "/nix/store/slqcm6zbc5bak5ch2y4s881m7hhjrdbf-wrk-4.2.0"
        },
        "x86_64-darwin": {
          "store_path": "/nix/store/ydhzjp01kymyy69ic7h9zixz3bgf0skg-wrk-4.2.0"
        },
        "x86_64-linux": {
          "store_path": "/nix/store/6wkqzvz3384vbwv0bbfalpgcpkrcynac-wrk-4.2.0"
        }
      }
    }
  }
}
